<?xml version="1.0" encoding="utf-8"?>
<Project ToolsVersion="4.0" xmlns="http://schemas.microsoft.com/developer/msbuild/2003">
  <ItemGroup>
    <Filter Include="sprites">
      <UniqueIdentifier>{2ff2e976-8d15-458c-98a7-b12b46e11890}</UniqueIdentifier>
    </Filter>
    <Filter Include="sprites\01.image">
      <UniqueIdentifier>{9a71d57f-0e5b-4a39-999b-17423e71aca1}</UniqueIdentifier>
    </Filter>
    <Filter Include="sprites\06.complex">
      <UniqueIdentifier>{aff00040-bc39-4676-b31b-11c7a4b162d3}</UniqueIdentifier>
    </Filter>
    <Filter Include="sprites\00.anchor">
      <UniqueIdentifier>{5b23f3f5-dfaa-4bc2-831e-359294961f2a}</UniqueIdentifier>
    </Filter>
    <Filter Include="sprites\07.anim">
      <UniqueIdentifier>{c12623d2-734c-42e5-9538-6684870b8614}</UniqueIdentifier>
    </Filter>
    <Filter Include="sprites\07.anim\lerp">
      <UniqueIdentifier>{d105dba5-c42a-4d7d-8d24-10484f3fc06e}</UniqueIdentifier>
    </Filter>
    <Filter Include="sprites\07.anim\cache">
      <UniqueIdentifier>{3aa196b4-b985-45b0-8334-056a6c4abb8f}</UniqueIdentifier>
    </Filter>
    <Filter Include="sprites\08.particle3d">
      <UniqueIdentifier>{87452272-1333-429e-b728-1d7b28e40993}</UniqueIdentifier>
    </Filter>
    <Filter Include="sprites\08.particle3d\wrap">
      <UniqueIdentifier>{8b29916a-5b40-4698-9222-a93b8f7c0b26}</UniqueIdentifier>
    </Filter>
    <Filter Include="sprites\08.particle3d\common">
      <UniqueIdentifier>{56938d45-7988-4d2d-8a50-a38e8647ba1e}</UniqueIdentifier>
    </Filter>
    <Filter Include="sprites\02.scale9">
      <UniqueIdentifier>{b72b8abb-72bd-43ce-8164-3434e165b8ae}</UniqueIdentifier>
    </Filter>
    <Filter Include="sprites\09.particle2d">
      <UniqueIdentifier>{60cb5f97-143d-44fd-910d-fb5d6a3d944b}</UniqueIdentifier>
    </Filter>
    <Filter Include="sprites\05.textbox">
      <UniqueIdentifier>{da23a5a7-969b-455d-becc-bcb984d1e82f}</UniqueIdentifier>
    </Filter>
    <Filter Include="sprites\10.shape">
      <UniqueIdentifier>{8acb1e91-319c-4d9a-81be-5057bb230b84}</UniqueIdentifier>
    </Filter>
    <Filter Include="sprites\10.shape\shape">
      <UniqueIdentifier>{d9145597-1f73-4811-b7ce-1ab43ddf054a}</UniqueIdentifier>
    </Filter>
    <Filter Include="sprites\10.shape\shape\base">
      <UniqueIdentifier>{415fbdd8-24f3-4918-8aec-a49110a1eb06}</UniqueIdentifier>
    </Filter>
    <Filter Include="sprites\10.shape\shape\utility">
      <UniqueIdentifier>{ee37e186-a5b1-4863-b1bf-9e02a07c57b1}</UniqueIdentifier>
    </Filter>
    <Filter Include="sprites\10.shape\shape\polygon">
      <UniqueIdentifier>{800f30e0-d0a4-4f46-8a26-099372d85f68}</UniqueIdentifier>
    </Filter>
    <Filter Include="sprites\11.mesh">
      <UniqueIdentifier>{f3cfc00c-3808-400c-b96d-7817fc9831c4}</UniqueIdentifier>
    </Filter>
    <Filter Include="sprites\04.texture">
      <UniqueIdentifier>{648e3a6a-d656-4dea-8154-d842d28e7e8f}</UniqueIdentifier>
    </Filter>
    <Filter Include="sprites\12.mask">
      <UniqueIdentifier>{f2591f29-8c17-4440-b255-b77de9b31cb2}</UniqueIdentifier>
    </Filter>
    <Filter Include="sprites\13.trail">
      <UniqueIdentifier>{d48bad48-da45-4e2c-9a5c-eed7e391f156}</UniqueIdentifier>
    </Filter>
    <Filter Include="sprites\13.trail\wrap">
      <UniqueIdentifier>{6792a0de-70b9-4486-8bb2-b11470ce7af0}</UniqueIdentifier>
    </Filter>
    <Filter Include="sprites\03.icon">
      <UniqueIdentifier>{542bfc93-dbba-49ce-ade1-069a34e239ab}</UniqueIdentifier>
    </Filter>
    <Filter Include="sprites\03.icon\icon">
      <UniqueIdentifier>{d6cc95da-f59e-479d-9434-1729de9daba6}</UniqueIdentifier>
    </Filter>
    <Filter Include="sprites\03.icon\icon\base">
      <UniqueIdentifier>{ffd11c79-c638-429e-91f3-3e31de10e2e5}</UniqueIdentifier>
    </Filter>
    <Filter Include="sprites\14.skeleton">
      <UniqueIdentifier>{4762dd1c-ec13-42f4-99f5-fa7dc6c0b963}</UniqueIdentifier>
    </Filter>
    <Filter Include="sprites\07.anim2">
      <UniqueIdentifier>{47a9ced5-7a28-49db-981a-d39967416982}</UniqueIdentifier>
    </Filter>
    <Filter Include="sprites\sprite">
      <UniqueIdentifier>{6f7b60db-f6ce-4203-9f15-ffb4ef17ae48}</UniqueIdentifier>
    </Filter>
    <Filter Include="sprites\sprite\visitor">
      <UniqueIdentifier>{65037eba-6530-45f7-b857-853dadc82262}</UniqueIdentifier>
    </Filter>
    <Filter Include="sprites\sprite\visitor\actor">
      <UniqueIdentifier>{e4f03989-0348-430d-9b77-a43a450e575b}</UniqueIdentifier>
    </Filter>
    <Filter Include="sprites\sprite\visitor\query">
      <UniqueIdentifier>{974c85a4-6084-4e08-bd39-e8583af012ab}</UniqueIdentifier>
    </Filter>
    <Filter Include="sprites\sprite\visitor\set">
      <UniqueIdentifier>{29773de1-aa86-4157-9b46-69163ee50a52}</UniqueIdentifier>
    </Filter>
    <Filter Include="sprites\sprite\utility">
      <UniqueIdentifier>{38219385-a697-44fd-afe4-3afdfa89e2cb}</UniqueIdentifier>
    </Filter>
    <Filter Include="sprites\symbol">
      <UniqueIdentifier>{9c0394c6-91fe-4e56-a11a-866d45abd6b5}</UniqueIdentifier>
    </Filter>
    <Filter Include="sprites\actor">
      <UniqueIdentifier>{bf261f14-ee03-4a45-b5b1-f381291af125}</UniqueIdentifier>
    </Filter>
    <Filter Include="sprites\99.proxy">
      <UniqueIdentifier>{fcd4b6e5-98df-4a77-8c25-81169099ee79}</UniqueIdentifier>
    </Filter>
    <Filter Include="sprites\15.model">
      <UniqueIdentifier>{faa8b174-d06e-4400-9b59-d775e66ee8ca}</UniqueIdentifier>
    </Filter>
    <Filter Include="sprites\16.audio">
      <UniqueIdentifier>{6cd9c48a-a9cd-496e-b3c9-58926622c5e4}</UniqueIdentifier>
    </Filter>
    <Filter Include="utility">
      <UniqueIdentifier>{07c6e23c-21a2-43aa-a71d-2281fb75105b}</UniqueIdentifier>
    </Filter>
    <Filter Include="utility\stat">
      <UniqueIdentifier>{637add0e-4b9c-4a7b-aa88-714426bb808c}</UniqueIdentifier>
    </Filter>
    <Filter Include="render">
      <UniqueIdentifier>{97df3b88-98dd-4ac9-8a79-ae66b30f7cd1}</UniqueIdentifier>
    </Filter>
    <Filter Include="render\draw">
      <UniqueIdentifier>{0d12773f-6616-49ed-8c1c-e20475cd801d}</UniqueIdentifier>
    </Filter>
    <Filter Include="render\adapter">
      <UniqueIdentifier>{59c39a48-b1a9-4f16-a40f-0370e75705f4}</UniqueIdentifier>
    </Filter>
    <Filter Include="render\rt">
      <UniqueIdentifier>{b5e262a6-c7df-4834-905c-31a5e9c6ffd7}</UniqueIdentifier>
    </Filter>
    <Filter Include="render\ctx">
      <UniqueIdentifier>{af5619ab-75f4-4125-9e39-f52a75560719}</UniqueIdentifier>
    </Filter>
    <Filter Include="render\scissor">
      <UniqueIdentifier>{e1df307e-391f-4be5-9bca-e580aeaa8753}</UniqueIdentifier>
    </Filter>
    <Filter Include="render\camera">
      <UniqueIdentifier>{d094579b-efe0-40d1-a2d8-d61a0d799a78}</UniqueIdentifier>
    </Filter>
    <Filter Include="sprites\sprite\parts">
      <UniqueIdentifier>{c0155d4f-5921-46b9-947c-58e0cd71a2f7}</UniqueIdentifier>
    </Filter>
    <Filter Include="sprites\components">
      <UniqueIdentifier>{f15caa29-2fbe-48b3-97ad-432bedec826c}</UniqueIdentifier>
    </Filter>
    <Filter Include="sprites\components\sprite">
      <UniqueIdentifier>{766cb8cf-3042-411d-837e-066f71f4a46a}</UniqueIdentifier>
    </Filter>
    <Filter Include="sprites\components\actor">
      <UniqueIdentifier>{9fa76e34-7ac6-4e7c-85f2-5197d7cdd6e4}</UniqueIdentifier>
    </Filter>
    <Filter Include="sprites\components\common">
      <UniqueIdentifier>{a4215f7a-4cfd-4493-8c49-39b403a241b1}</UniqueIdentifier>
    </Filter>
    <Filter Include="sprites\actor\parts">
      <UniqueIdentifier>{6be27f61-6a15-4630-9b3d-08163c05b412}</UniqueIdentifier>
    </Filter>
    <Filter Include="sprites\actor\utility">
      <UniqueIdentifier>{eb618e02-af20-498c-ba74-21524816ffc9}</UniqueIdentifier>
    </Filter>
    <Filter Include="sprites\actor\parts\aabb">
      <UniqueIdentifier>{24b20695-7e7b-4ab9-a450-a645f421b43e}</UniqueIdentifier>
    </Filter>
    <Filter Include="sprites\98.snode">
      <UniqueIdentifier>{2e7f9f9c-4229-418f-b9eb-a85ea349bce4}</UniqueIdentifier>
    </Filter>
  </ItemGroup>
  <ItemGroup>
    <ClCompile Include="..\..\..\source\sprites\SprTimer.cpp">
      <Filter>sprites</Filter>
    </ClCompile>
    <ClCompile Include="..\..\..\source\sprites\TexcoordsMap.cpp">
      <Filter>sprites</Filter>
    </ClCompile>
    <ClCompile Include="..\..\..\source\sprites\ImageSprite.cpp">
      <Filter>sprites\01.image</Filter>
    </ClCompile>
    <ClCompile Include="..\..\..\source\sprites\ImageSymbol.cpp">
      <Filter>sprites\01.image</Filter>
    </ClCompile>
    <ClCompile Include="..\..\..\source\sprites\ComplexActor.cpp">
      <Filter>sprites\06.complex</Filter>
    </ClCompile>
    <ClCompile Include="..\..\..\source\sprites\ComplexSprite.cpp">
      <Filter>sprites\06.complex</Filter>
    </ClCompile>
    <ClCompile Include="..\..\..\source\sprites\ComplexSymbol.cpp">
      <Filter>sprites\06.complex</Filter>
    </ClCompile>
    <ClCompile Include="..\..\..\source\sprites\AnchorActor.cpp">
      <Filter>sprites\00.anchor</Filter>
    </ClCompile>
    <ClCompile Include="..\..\..\source\sprites\AnchorSprite.cpp">
      <Filter>sprites\00.anchor</Filter>
    </ClCompile>
    <ClCompile Include="..\..\..\source\sprites\AnchorSymbol.cpp">
      <Filter>sprites\00.anchor</Filter>
    </ClCompile>
    <ClCompile Include="..\..\..\source\sprites\AnimActor.cpp">
      <Filter>sprites\07.anim</Filter>
    </ClCompile>
    <ClCompile Include="..\..\..\source\sprites\Animation.cpp">
      <Filter>sprites\07.anim</Filter>
    </ClCompile>
    <ClCompile Include="..\..\..\source\sprites\AnimSprite.cpp">
      <Filter>sprites\07.anim</Filter>
    </ClCompile>
    <ClCompile Include="..\..\..\source\sprites\AnimSymbol.cpp">
      <Filter>sprites\07.anim</Filter>
    </ClCompile>
    <ClCompile Include="..\..\..\source\sprites\AnimLerp.cpp">
      <Filter>sprites\07.anim\lerp</Filter>
    </ClCompile>
    <ClCompile Include="..\..\..\source\sprites\LerpCircle.cpp">
      <Filter>sprites\07.anim\lerp</Filter>
    </ClCompile>
    <ClCompile Include="..\..\..\source\sprites\LerpEase.cpp">
      <Filter>sprites\07.anim\lerp</Filter>
    </ClCompile>
    <ClCompile Include="..\..\..\source\sprites\LerpSpiral.cpp">
      <Filter>sprites\07.anim\lerp</Filter>
    </ClCompile>
    <ClCompile Include="..\..\..\source\sprites\LerpWiggle.cpp">
      <Filter>sprites\07.anim\lerp</Filter>
    </ClCompile>
    <ClCompile Include="..\..\..\source\sprites\AnimCopy.cpp">
      <Filter>sprites\07.anim\cache</Filter>
    </ClCompile>
    <ClCompile Include="..\..\..\source\sprites\AnimCtrl.cpp">
      <Filter>sprites\07.anim\cache</Filter>
    </ClCompile>
    <ClCompile Include="..\..\..\source\sprites\Particle3dActor.cpp">
      <Filter>sprites\08.particle3d</Filter>
    </ClCompile>
    <ClCompile Include="..\..\..\source\sprites\Particle3dSprite.cpp">
      <Filter>sprites\08.particle3d</Filter>
    </ClCompile>
    <ClCompile Include="..\..\..\source\sprites\Particle3dSymbol.cpp">
      <Filter>sprites\08.particle3d</Filter>
    </ClCompile>
    <ClCompile Include="..\..\..\source\sprites\P3dEmitterCfg.cpp">
      <Filter>sprites\08.particle3d\wrap</Filter>
    </ClCompile>
    <ClCompile Include="..\..\..\source\sprites\Particle3dBuffer.cpp">
      <Filter>sprites\08.particle3d\wrap</Filter>
    </ClCompile>
    <ClCompile Include="..\..\..\source\sprites\Particle3dEmitter.cpp">
      <Filter>sprites\08.particle3d\wrap</Filter>
    </ClCompile>
    <ClCompile Include="..\..\..\source\sprites\Particle3d.cpp">
      <Filter>sprites\08.particle3d\common</Filter>
    </ClCompile>
    <ClCompile Include="..\..\..\source\sprites\Scale9.cpp">
      <Filter>sprites\02.scale9</Filter>
    </ClCompile>
    <ClCompile Include="..\..\..\source\sprites\Scale9Actor.cpp">
      <Filter>sprites\02.scale9</Filter>
    </ClCompile>
    <ClCompile Include="..\..\..\source\sprites\Scale9Sprite.cpp">
      <Filter>sprites\02.scale9</Filter>
    </ClCompile>
    <ClCompile Include="..\..\..\source\sprites\Scale9Symbol.cpp">
      <Filter>sprites\02.scale9</Filter>
    </ClCompile>
    <ClCompile Include="..\..\..\source\sprites\Particle2d.cpp">
      <Filter>sprites\09.particle2d</Filter>
    </ClCompile>
    <ClCompile Include="..\..\..\source\sprites\Particle2dSprite.cpp">
      <Filter>sprites\09.particle2d</Filter>
    </ClCompile>
    <ClCompile Include="..\..\..\source\sprites\Particle2dSymbol.cpp">
      <Filter>sprites\09.particle2d</Filter>
    </ClCompile>
    <ClCompile Include="..\..\..\source\sprites\TextboxActor.cpp">
      <Filter>sprites\05.textbox</Filter>
    </ClCompile>
    <ClCompile Include="..\..\..\source\sprites\TextboxSprite.cpp">
      <Filter>sprites\05.textbox</Filter>
    </ClCompile>
    <ClCompile Include="..\..\..\source\sprites\TextboxSymbol.cpp">
      <Filter>sprites\05.textbox</Filter>
    </ClCompile>
    <ClCompile Include="..\..\..\source\sprites\ShapeSprite.cpp">
      <Filter>sprites\10.shape</Filter>
    </ClCompile>
    <ClCompile Include="..\..\..\source\sprites\ShapeSymbol.cpp">
      <Filter>sprites\10.shape</Filter>
    </ClCompile>
    <ClCompile Include="..\..\..\source\sprites\BezierShape.cpp">
      <Filter>sprites\10.shape\shape</Filter>
    </ClCompile>
    <ClCompile Include="..\..\..\source\sprites\CircleShape.cpp">
      <Filter>sprites\10.shape\shape</Filter>
    </ClCompile>
    <ClCompile Include="..\..\..\source\sprites\CosineShape.cpp">
      <Filter>sprites\10.shape\shape</Filter>
    </ClCompile>
    <ClCompile Include="..\..\..\source\sprites\PointShape.cpp">
      <Filter>sprites\10.shape\shape</Filter>
    </ClCompile>
    <ClCompile Include="..\..\..\source\sprites\PolygonShape.cpp">
      <Filter>sprites\10.shape\shape</Filter>
    </ClCompile>
    <ClCompile Include="..\..\..\source\sprites\PolylineShape.cpp">
      <Filter>sprites\10.shape\shape</Filter>
    </ClCompile>
    <ClCompile Include="..\..\..\source\sprites\RectShape.cpp">
      <Filter>sprites\10.shape\shape</Filter>
    </ClCompile>
    <ClCompile Include="..\..\..\source\sprites\ShapeVertices.cpp">
      <Filter>sprites\10.shape\shape\utility</Filter>
    </ClCompile>
    <ClCompile Include="..\..\..\source\sprites\ColorPolygon.cpp">
      <Filter>sprites\10.shape\shape\polygon</Filter>
    </ClCompile>
    <ClCompile Include="..\..\..\source\sprites\Polygon.cpp">
      <Filter>sprites\10.shape\shape\polygon</Filter>
    </ClCompile>
    <ClCompile Include="..\..\..\source\sprites\TexturePolygon.cpp">
      <Filter>sprites\10.shape\shape\polygon</Filter>
    </ClCompile>
    <ClCompile Include="..\..\..\source\sprites\MeshSprite.cpp">
      <Filter>sprites\11.mesh</Filter>
    </ClCompile>
    <ClCompile Include="..\..\..\source\sprites\MeshSymbol.cpp">
      <Filter>sprites\11.mesh</Filter>
    </ClCompile>
    <ClCompile Include="..\..\..\source\sprites\TextureSprite.cpp">
      <Filter>sprites\04.texture</Filter>
    </ClCompile>
    <ClCompile Include="..\..\..\source\sprites\TextureSymbol.cpp">
      <Filter>sprites\04.texture</Filter>
    </ClCompile>
    <ClCompile Include="..\..\..\source\sprites\MaskActor.cpp">
      <Filter>sprites\12.mask</Filter>
    </ClCompile>
    <ClCompile Include="..\..\..\source\sprites\MaskSprite.cpp">
      <Filter>sprites\12.mask</Filter>
    </ClCompile>
    <ClCompile Include="..\..\..\source\sprites\MaskSymbol.cpp">
      <Filter>sprites\12.mask</Filter>
    </ClCompile>
    <ClCompile Include="..\..\..\source\sprites\Trail.cpp">
      <Filter>sprites\13.trail</Filter>
    </ClCompile>
    <ClCompile Include="..\..\..\source\sprites\TrailSprite.cpp">
      <Filter>sprites\13.trail</Filter>
    </ClCompile>
    <ClCompile Include="..\..\..\source\sprites\TrailSymbol.cpp">
      <Filter>sprites\13.trail</Filter>
    </ClCompile>
    <ClCompile Include="..\..\..\source\sprites\TrailEmitter.cpp">
      <Filter>sprites\13.trail\wrap</Filter>
    </ClCompile>
    <ClCompile Include="..\..\..\source\sprites\TrailEmitterCfg.cpp">
      <Filter>sprites\13.trail\wrap</Filter>
    </ClCompile>
    <ClCompile Include="..\..\..\source\sprites\IconSprite.cpp">
      <Filter>sprites\03.icon</Filter>
    </ClCompile>
    <ClCompile Include="..\..\..\source\sprites\IconSymbol.cpp">
      <Filter>sprites\03.icon</Filter>
    </ClCompile>
    <ClCompile Include="..\..\..\source\sprites\DynamicRectIcon.cpp">
      <Filter>sprites\03.icon\icon</Filter>
    </ClCompile>
    <ClCompile Include="..\..\..\source\sprites\DynamicSectorIcon.cpp">
      <Filter>sprites\03.icon\icon</Filter>
    </ClCompile>
    <ClCompile Include="..\..\..\source\sprites\StaticQuadIcon.cpp">
      <Filter>sprites\03.icon\icon</Filter>
    </ClCompile>
    <ClCompile Include="..\..\..\source\sprites\StaticRectIcon.cpp">
      <Filter>sprites\03.icon\icon</Filter>
    </ClCompile>
    <ClCompile Include="..\..\..\source\sprites\Icon.cpp">
      <Filter>sprites\03.icon\icon\base</Filter>
    </ClCompile>
    <ClCompile Include="..\..\..\source\sprites\Joint.cpp">
      <Filter>sprites\14.skeleton</Filter>
    </ClCompile>
    <ClCompile Include="..\..\..\source\sprites\JointPose.cpp">
      <Filter>sprites\14.skeleton</Filter>
    </ClCompile>
    <ClCompile Include="..\..\..\source\sprites\Skeleton.cpp">
      <Filter>sprites\14.skeleton</Filter>
    </ClCompile>
    <ClCompile Include="..\..\..\source\sprites\SkeletonPose.cpp">
      <Filter>sprites\14.skeleton</Filter>
    </ClCompile>
    <ClCompile Include="..\..\..\source\sprites\SkeletonSprite.cpp">
      <Filter>sprites\14.skeleton</Filter>
    </ClCompile>
    <ClCompile Include="..\..\..\source\sprites\SkeletonSymbol.cpp">
      <Filter>sprites\14.skeleton</Filter>
    </ClCompile>
    <ClCompile Include="..\..\..\source\sprites\Anim2Curr.cpp">
      <Filter>sprites\07.anim2</Filter>
    </ClCompile>
    <ClCompile Include="..\..\..\source\sprites\Anim2Sprite.cpp">
      <Filter>sprites\07.anim2</Filter>
    </ClCompile>
    <ClCompile Include="..\..\..\source\sprites\Anim2Symbol.cpp">
      <Filter>sprites\07.anim2</Filter>
    </ClCompile>
    <ClCompile Include="..\..\..\source\sprites\Animation2.cpp">
      <Filter>sprites\07.anim2</Filter>
    </ClCompile>
    <ClCompile Include="..\..\..\source\sprites\SpriteVisitor.cpp">
      <Filter>sprites\sprite\visitor</Filter>
    </ClCompile>
    <ClCompile Include="..\..\..\source\sprites\CreateActorsVisitor.cpp">
      <Filter>sprites\sprite\visitor\actor</Filter>
    </ClCompile>
    <ClCompile Include="..\..\..\source\sprites\ResetActorFlagVisitor.cpp">
      <Filter>sprites\sprite\visitor\actor</Filter>
    </ClCompile>
    <ClCompile Include="..\..\..\source\sprites\PointQueryVisitor.cpp">
      <Filter>sprites\sprite\visitor\query</Filter>
    </ClCompile>
    <ClCompile Include="..\..\..\source\sprites\QueryLoadedVisitor.cpp">
      <Filter>sprites\sprite\visitor\query</Filter>
    </ClCompile>
    <ClCompile Include="..\..\..\source\sprites\SetStaticFrameVisitor.cpp">
      <Filter>sprites\sprite\visitor\set</Filter>
    </ClCompile>
    <ClCompile Include="..\..\..\source\sprites\SprActors.cpp">
      <Filter>sprites\sprite\parts</Filter>
    </ClCompile>
    <ClCompile Include="..\..\..\source\sprites\SprNameMap.cpp">
      <Filter>sprites\sprite\utility</Filter>
    </ClCompile>
    <ClCompile Include="..\..\..\source\sprites\AABBHelper.cpp">
      <Filter>sprites\actor\parts\aabb</Filter>
    </ClCompile>
    <ClCompile Include="..\..\..\source\sprites\ActorAABB.cpp">
      <Filter>sprites\actor\parts\aabb</Filter>
    </ClCompile>
    <ClCompile Include="..\..\..\source\sprites\ProxyActor.cpp">
      <Filter>sprites\99.proxy</Filter>
    </ClCompile>
    <ClCompile Include="..\..\..\source\sprites\ProxyHelper.cpp">
      <Filter>sprites\99.proxy</Filter>
    </ClCompile>
    <ClCompile Include="..\..\..\source\sprites\ProxySprite.cpp">
      <Filter>sprites\99.proxy</Filter>
    </ClCompile>
    <ClCompile Include="..\..\..\source\sprites\ProxySymbol.cpp">
      <Filter>sprites\99.proxy</Filter>
    </ClCompile>
    <ClCompile Include="..\..\..\source\sprites\ModelSprite.cpp">
      <Filter>sprites\15.model</Filter>
    </ClCompile>
    <ClCompile Include="..\..\..\source\sprites\ModelSymbol.cpp">
      <Filter>sprites\15.model</Filter>
    </ClCompile>
    <ClCompile Include="..\..\..\source\sprites\AudioContext.cpp">
      <Filter>sprites\16.audio</Filter>
    </ClCompile>
    <ClCompile Include="..\..\..\source\sprites\AudioSprite.cpp">
      <Filter>sprites\16.audio</Filter>
    </ClCompile>
    <ClCompile Include="..\..\..\source\sprites\AudioSymbol.cpp">
      <Filter>sprites\16.audio</Filter>
    </ClCompile>
    <ClCompile Include="..\..\..\source\utility\Blackboard.cpp">
      <Filter>utility</Filter>
    </ClCompile>
    <ClCompile Include="..\..\..\source\utility\Callback.cpp">
      <Filter>utility</Filter>
    </ClCompile>
    <ClCompile Include="..\..\..\source\sprites\StringHelper.cpp">
      <Filter>utility</Filter>
    </ClCompile>
    <ClCompile Include="..\..\..\source\sprites\StatDrawCall.cpp">
      <Filter>utility\stat</Filter>
    </ClCompile>
    <ClCompile Include="..\..\..\source\utility\StatImages.cpp">
      <Filter>utility\stat</Filter>
    </ClCompile>
    <ClCompile Include="..\..\..\source\utility\StatOverdraw.cpp">
      <Filter>utility\stat</Filter>
    </ClCompile>
    <ClCompile Include="..\..\..\source\sprites\StatPingPong.cpp">
      <Filter>utility\stat</Filter>
    </ClCompile>
    <ClCompile Include="..\..\..\source\sprites\StatSprCount.cpp">
      <Filter>utility\stat</Filter>
    </ClCompile>
    <ClCompile Include="..\..\..\source\sprites\StatSymCount.cpp">
      <Filter>utility\stat</Filter>
    </ClCompile>
    <ClCompile Include="..\..\..\source\utility\StatSymDraw.cpp">
      <Filter>utility\stat</Filter>
    </ClCompile>
    <ClCompile Include="..\..\..\source\utility\StatTopNodes.cpp">
      <Filter>utility\stat</Filter>
    </ClCompile>
    <ClCompile Include="..\..\..\source\render\DrawBlend.cpp">
      <Filter>render\draw</Filter>
    </ClCompile>
    <ClCompile Include="..\..\..\source\sprites\DrawDownsample.cpp">
      <Filter>render\draw</Filter>
    </ClCompile>
    <ClCompile Include="..\..\..\source\render\DrawGaussianBlur.cpp">
      <Filter>render\draw</Filter>
    </ClCompile>
    <ClCompile Include="..\..\..\source\render\DrawIntegrate.cpp">
      <Filter>render\draw</Filter>
    </ClCompile>
    <ClCompile Include="..\..\..\source\render\DrawMask.cpp">
      <Filter>render\draw</Filter>
    </ClCompile>
    <ClCompile Include="..\..\..\source\render\DrawMesh.cpp">
      <Filter>render\draw</Filter>
    </ClCompile>
    <ClCompile Include="..\..\..\source\render\DrawNode.cpp">
      <Filter>render\draw</Filter>
    </ClCompile>
    <ClCompile Include="..\..\..\source\render\DrawOuterGlow.cpp">
      <Filter>render\draw</Filter>
    </ClCompile>
    <ClCompile Include="..\..\..\source\render\DrawPingPong.cpp">
      <Filter>render\draw</Filter>
    </ClCompile>
    <ClCompile Include="..\..\..\source\render\DrawRT.cpp">
      <Filter>render\draw</Filter>
    </ClCompile>
    <ClCompile Include="..\..\..\source\render\RenderCtxStack.cpp">
      <Filter>render\ctx</Filter>
    </ClCompile>
    <ClCompile Include="..\..\..\source\render\RenderScissor.cpp">
      <Filter>render\scissor</Filter>
    </ClCompile>
    <ClCompile Include="..\..\..\source\render\RenderScreen.cpp">
      <Filter>render\scissor</Filter>
    </ClCompile>
    <ClCompile Include="..\..\..\source\render\CameraMgr.cpp">
      <Filter>render\camera</Filter>
    </ClCompile>
    <ClCompile Include="..\..\..\source\render\OrthoCamera.cpp">
      <Filter>render\camera</Filter>
    </ClCompile>
    <ClCompile Include="..\..\..\source\render\Pseudo3DCamera.cpp">
      <Filter>render\camera</Filter>
    </ClCompile>
    <ClCompile Include="..\..\..\source\c_wrap_s2.cpp" />
    <ClCompile Include="..\..\..\source\sprites\CacheMatVisitor.cpp">
      <Filter>sprites\sprite\visitor</Filter>
    </ClCompile>
    <ClCompile Include="..\..\..\source\sprites\AnimCurr.cpp">
      <Filter>sprites\07.anim\cache</Filter>
    </ClCompile>
    <ClCompile Include="..\..\..\source\sprites\AnimState.cpp">
      <Filter>sprites\07.anim\cache</Filter>
    </ClCompile>
    <ClCompile Include="..\..\..\source\render\DrawMaskFT.cpp">
      <Filter>render\draw</Filter>
    </ClCompile>
    <ClCompile Include="..\..\..\source\render\RVG.cpp">
      <Filter>render\adapter</Filter>
    </ClCompile>
    <ClCompile Include="..\..\..\source\render\RenderContext.cpp">
      <Filter>render\ctx</Filter>
    </ClCompile>
    <ClCompile Include="..\..\..\source\render\RenderTarget.cpp">
      <Filter>render\rt</Filter>
    </ClCompile>
    <ClCompile Include="..\..\..\source\render\RenderTargetMgr.cpp">
      <Filter>render\rt</Filter>
    </ClCompile>
    <ClCompile Include="..\..\..\source\sprites\Actor.cpp">
      <Filter>sprites\actor</Filter>
    </ClCompile>
    <ClCompile Include="..\..\..\source\sprites\Symbol.cpp">
      <Filter>sprites\symbol</Filter>
    </ClCompile>
    <ClCompile Include="..\..\..\source\sprites\Sprite.cpp">
      <Filter>sprites\sprite</Filter>
    </ClCompile>
    <ClCompile Include="..\..\..\source\sprites\Mesh.cpp">
      <Filter>sprites\11.mesh</Filter>
    </ClCompile>
    <ClCompile Include="..\..\..\source\Facade.cpp" />
    <ClCompile Include="..\..\..\source\sprites\TextTable.cpp">
      <Filter>sprites\05.textbox</Filter>
    </ClCompile>
    <ClCompile Include="..\..\..\source\sprites\CompColorCommon.cpp">
      <Filter>sprites\components\common</Filter>
    </ClCompile>
    <ClCompile Include="..\..\..\source\sprites\CompColorMap.cpp">
      <Filter>sprites\components\common</Filter>
    </ClCompile>
    <ClCompile Include="..\..\..\source\sprites\CompShader.cpp">
      <Filter>sprites\components\common</Filter>
    </ClCompile>
    <ClCompile Include="..\..\..\source\sprites\CompActors.cpp">
      <Filter>sprites\components\sprite</Filter>
    </ClCompile>
    <ClCompile Include="..\..\..\source\sprites\CompBoundingBox.cpp">
      <Filter>sprites\components\sprite</Filter>
    </ClCompile>
    <ClCompile Include="..\..\..\source\sprites\CompTransform.cpp">
      <Filter>sprites\components\sprite</Filter>
    </ClCompile>
    <ClCompile Include="..\..\..\source\sprites\CompActorAABB.cpp">
      <Filter>sprites\components\actor</Filter>
    </ClCompile>
    <ClCompile Include="..\..\..\source\sprites\ActorFactory.cpp">
      <Filter>sprites\actor\utility</Filter>
    </ClCompile>
    <ClCompile Include="..\..\..\source\sprites\ActorProxy.cpp">
      <Filter>sprites\actor\utility</Filter>
    </ClCompile>
    <ClCompile Include="..\..\..\source\sprites\CompActorTrans.cpp">
      <Filter>sprites\components\actor</Filter>
    </ClCompile>
    <ClCompile Include="..\..\..\source\sprites\CompCamera.cpp">
      <Filter>sprites\components\common</Filter>
    </ClCompile>
    <ClCompile Include="..\..\..\source\sprites\CompDefault.cpp">
      <Filter>sprites\components</Filter>
    </ClCompile>
    <ClCompile Include="..\..\..\source\sprites\SNodeSymbol.cpp">
      <Filter>sprites\98.snode</Filter>
    </ClCompile>
    <ClCompile Include="..\..\..\source\sprites\SNodeSprite.cpp">
      <Filter>sprites\98.snode</Filter>
    </ClCompile>
  </ItemGroup>
  <ItemGroup>
    <ClInclude Include="..\..\..\include\sprite2\SprTimer.h">
      <Filter>sprites</Filter>
    </ClInclude>
    <ClInclude Include="..\..\..\include\sprite2\TexcoordsMap.h">
      <Filter>sprites</Filter>
    </ClInclude>
    <ClInclude Include="..\..\..\include\sprite2\ImageSprite.h">
      <Filter>sprites\01.image</Filter>
    </ClInclude>
    <ClInclude Include="..\..\..\include\sprite2\ImageSymbol.h">
      <Filter>sprites\01.image</Filter>
    </ClInclude>
    <ClInclude Include="..\..\..\include\sprite2\ComplexActor.h">
      <Filter>sprites\06.complex</Filter>
    </ClInclude>
    <ClInclude Include="..\..\..\include\sprite2\ComplexSprite.h">
      <Filter>sprites\06.complex</Filter>
    </ClInclude>
    <ClInclude Include="..\..\..\include\sprite2\ComplexSymbol.h">
      <Filter>sprites\06.complex</Filter>
    </ClInclude>
    <ClInclude Include="..\..\..\include\sprite2\AnchorActor.h">
      <Filter>sprites\00.anchor</Filter>
    </ClInclude>
    <ClInclude Include="..\..\..\include\sprite2\AnchorSprite.h">
      <Filter>sprites\00.anchor</Filter>
    </ClInclude>
    <ClInclude Include="..\..\..\include\sprite2\AnchorSymbol.h">
      <Filter>sprites\00.anchor</Filter>
    </ClInclude>
    <ClInclude Include="..\..\..\include\sprite2\AnimActor.h">
      <Filter>sprites\07.anim</Filter>
    </ClInclude>
    <ClInclude Include="..\..\..\include\sprite2\Animation.h">
      <Filter>sprites\07.anim</Filter>
    </ClInclude>
    <ClInclude Include="..\..\..\include\sprite2\AnimSprite.h">
      <Filter>sprites\07.anim</Filter>
    </ClInclude>
    <ClInclude Include="..\..\..\include\sprite2\AnimSymbol.h">
      <Filter>sprites\07.anim</Filter>
    </ClInclude>
    <ClInclude Include="..\..\..\include\sprite2\AnimLerp.h">
      <Filter>sprites\07.anim\lerp</Filter>
    </ClInclude>
    <ClInclude Include="..\..\..\include\sprite2\ILerp.h">
      <Filter>sprites\07.anim\lerp</Filter>
    </ClInclude>
    <ClInclude Include="..\..\..\include\sprite2\LerpCircle.h">
      <Filter>sprites\07.anim\lerp</Filter>
    </ClInclude>
    <ClInclude Include="..\..\..\include\sprite2\LerpEase.h">
      <Filter>sprites\07.anim\lerp</Filter>
    </ClInclude>
    <ClInclude Include="..\..\..\include\sprite2\LerpSpiral.h">
      <Filter>sprites\07.anim\lerp</Filter>
    </ClInclude>
    <ClInclude Include="..\..\..\include\sprite2\LerpType.h">
      <Filter>sprites\07.anim\lerp</Filter>
    </ClInclude>
    <ClInclude Include="..\..\..\include\sprite2\LerpWiggle.h">
      <Filter>sprites\07.anim\lerp</Filter>
    </ClInclude>
    <ClInclude Include="..\..\..\include\sprite2\AnimCopy.h">
      <Filter>sprites\07.anim\cache</Filter>
    </ClInclude>
    <ClInclude Include="..\..\..\include\sprite2\AnimCtrl.h">
      <Filter>sprites\07.anim\cache</Filter>
    </ClInclude>
    <ClInclude Include="..\..\..\include\sprite2\Particle3dActor.h">
      <Filter>sprites\08.particle3d</Filter>
    </ClInclude>
    <ClInclude Include="..\..\..\include\sprite2\Particle3dSprite.h">
      <Filter>sprites\08.particle3d</Filter>
    </ClInclude>
    <ClInclude Include="..\..\..\include\sprite2\Particle3dSymbol.h">
      <Filter>sprites\08.particle3d</Filter>
    </ClInclude>
    <ClInclude Include="..\..\..\include\sprite2\P3dEmitterCfg.h">
      <Filter>sprites\08.particle3d\wrap</Filter>
    </ClInclude>
    <ClInclude Include="..\..\..\include\sprite2\Particle3dBuffer.h">
      <Filter>sprites\08.particle3d\wrap</Filter>
    </ClInclude>
    <ClInclude Include="..\..\..\include\sprite2\Particle3dEmitter.h">
      <Filter>sprites\08.particle3d\wrap</Filter>
    </ClInclude>
    <ClInclude Include="..\..\..\include\sprite2\P3dRenderParams.h">
      <Filter>sprites\08.particle3d\common</Filter>
    </ClInclude>
    <ClInclude Include="..\..\..\include\sprite2\Particle3d.h">
      <Filter>sprites\08.particle3d\common</Filter>
    </ClInclude>
    <ClInclude Include="..\..\..\include\sprite2\Scale9.h">
      <Filter>sprites\02.scale9</Filter>
    </ClInclude>
    <ClInclude Include="..\..\..\include\sprite2\Scale9Actor.h">
      <Filter>sprites\02.scale9</Filter>
    </ClInclude>
    <ClInclude Include="..\..\..\include\sprite2\Scale9Sprite.h">
      <Filter>sprites\02.scale9</Filter>
    </ClInclude>
    <ClInclude Include="..\..\..\include\sprite2\Scale9Symbol.h">
      <Filter>sprites\02.scale9</Filter>
    </ClInclude>
    <ClInclude Include="..\..\..\include\sprite2\Particle2d.h">
      <Filter>sprites\09.particle2d</Filter>
    </ClInclude>
    <ClInclude Include="..\..\..\include\sprite2\Particle2dSprite.h">
      <Filter>sprites\09.particle2d</Filter>
    </ClInclude>
    <ClInclude Include="..\..\..\include\sprite2\Particle2dSymbol.h">
      <Filter>sprites\09.particle2d</Filter>
    </ClInclude>
    <ClInclude Include="..\..\..\include\sprite2\TextboxActor.h">
      <Filter>sprites\05.textbox</Filter>
    </ClInclude>
    <ClInclude Include="..\..\..\include\sprite2\TextboxSprite.h">
      <Filter>sprites\05.textbox</Filter>
    </ClInclude>
    <ClInclude Include="..\..\..\include\sprite2\TextboxSymbol.h">
      <Filter>sprites\05.textbox</Filter>
    </ClInclude>
    <ClInclude Include="..\..\..\include\sprite2\ShapeSprite.h">
      <Filter>sprites\10.shape</Filter>
    </ClInclude>
    <ClInclude Include="..\..\..\include\sprite2\ShapeSymbol.h">
      <Filter>sprites\10.shape</Filter>
    </ClInclude>
    <ClInclude Include="..\..\..\include\sprite2\BezierShape.h">
      <Filter>sprites\10.shape\shape</Filter>
    </ClInclude>
    <ClInclude Include="..\..\..\include\sprite2\CircleShape.h">
      <Filter>sprites\10.shape\shape</Filter>
    </ClInclude>
    <ClInclude Include="..\..\..\include\sprite2\CosineShape.h">
      <Filter>sprites\10.shape\shape</Filter>
    </ClInclude>
    <ClInclude Include="..\..\..\include\sprite2\PointShape.h">
      <Filter>sprites\10.shape\shape</Filter>
    </ClInclude>
    <ClInclude Include="..\..\..\include\sprite2\PolygonShape.h">
      <Filter>sprites\10.shape\shape</Filter>
    </ClInclude>
    <ClInclude Include="..\..\..\include\sprite2\PolylineShape.h">
      <Filter>sprites\10.shape\shape</Filter>
    </ClInclude>
    <ClInclude Include="..\..\..\include\sprite2\RectShape.h">
      <Filter>sprites\10.shape\shape</Filter>
    </ClInclude>
    <ClInclude Include="..\..\..\include\sprite2\Shape.h">
      <Filter>sprites\10.shape\shape\base</Filter>
    </ClInclude>
    <ClInclude Include="..\..\..\include\sprite2\ShapeConfig.h">
      <Filter>sprites\10.shape\shape\base</Filter>
    </ClInclude>
    <ClInclude Include="..\..\..\include\sprite2\ShapeVertices.h">
      <Filter>sprites\10.shape\shape\utility</Filter>
    </ClInclude>
    <ClInclude Include="..\..\..\include\sprite2\ColorPolygon.h">
      <Filter>sprites\10.shape\shape\polygon</Filter>
    </ClInclude>
    <ClInclude Include="..\..\..\include\sprite2\Polygon.h">
      <Filter>sprites\10.shape\shape\polygon</Filter>
    </ClInclude>
    <ClInclude Include="..\..\..\include\sprite2\TexturePolygon.h">
      <Filter>sprites\10.shape\shape\polygon</Filter>
    </ClInclude>
    <ClInclude Include="..\..\..\include\sprite2\MeshSprite.h">
      <Filter>sprites\11.mesh</Filter>
    </ClInclude>
    <ClInclude Include="..\..\..\include\sprite2\MeshSymbol.h">
      <Filter>sprites\11.mesh</Filter>
    </ClInclude>
    <ClInclude Include="..\..\..\include\sprite2\TextureSprite.h">
      <Filter>sprites\04.texture</Filter>
    </ClInclude>
    <ClInclude Include="..\..\..\include\sprite2\TextureSymbol.h">
      <Filter>sprites\04.texture</Filter>
    </ClInclude>
    <ClInclude Include="..\..\..\include\sprite2\MaskActor.h">
      <Filter>sprites\12.mask</Filter>
    </ClInclude>
    <ClInclude Include="..\..\..\include\sprite2\MaskSprite.h">
      <Filter>sprites\12.mask</Filter>
    </ClInclude>
    <ClInclude Include="..\..\..\include\sprite2\MaskSymbol.h">
      <Filter>sprites\12.mask</Filter>
    </ClInclude>
    <ClInclude Include="..\..\..\include\sprite2\Trail.h">
      <Filter>sprites\13.trail</Filter>
    </ClInclude>
    <ClInclude Include="..\..\..\include\sprite2\TrailSprite.h">
      <Filter>sprites\13.trail</Filter>
    </ClInclude>
    <ClInclude Include="..\..\..\include\sprite2\TrailSymbol.h">
      <Filter>sprites\13.trail</Filter>
    </ClInclude>
    <ClInclude Include="..\..\..\include\sprite2\TrailEmitter.h">
      <Filter>sprites\13.trail\wrap</Filter>
    </ClInclude>
    <ClInclude Include="..\..\..\include\sprite2\TrailEmitterCfg.h">
      <Filter>sprites\13.trail\wrap</Filter>
    </ClInclude>
    <ClInclude Include="..\..\..\include\sprite2\IconSprite.h">
      <Filter>sprites\03.icon</Filter>
    </ClInclude>
    <ClInclude Include="..\..\..\include\sprite2\IconSymbol.h">
      <Filter>sprites\03.icon</Filter>
    </ClInclude>
    <ClInclude Include="..\..\..\include\sprite2\DynamicRectIcon.h">
      <Filter>sprites\03.icon\icon</Filter>
    </ClInclude>
    <ClInclude Include="..\..\..\include\sprite2\DynamicSectorIcon.h">
      <Filter>sprites\03.icon\icon</Filter>
    </ClInclude>
    <ClInclude Include="..\..\..\include\sprite2\StaticQuadIcon.h">
      <Filter>sprites\03.icon\icon</Filter>
    </ClInclude>
    <ClInclude Include="..\..\..\include\sprite2\StaticRectIcon.h">
      <Filter>sprites\03.icon\icon</Filter>
    </ClInclude>
    <ClInclude Include="..\..\..\include\sprite2\Icon.h">
      <Filter>sprites\03.icon\icon\base</Filter>
    </ClInclude>
    <ClInclude Include="..\..\..\include\sprite2\Joint.h">
      <Filter>sprites\14.skeleton</Filter>
    </ClInclude>
    <ClInclude Include="..\..\..\include\sprite2\JointPose.h">
      <Filter>sprites\14.skeleton</Filter>
    </ClInclude>
    <ClInclude Include="..\..\..\include\sprite2\Skeleton.h">
      <Filter>sprites\14.skeleton</Filter>
    </ClInclude>
    <ClInclude Include="..\..\..\include\sprite2\SkeletonPose.h">
      <Filter>sprites\14.skeleton</Filter>
    </ClInclude>
    <ClInclude Include="..\..\..\include\sprite2\SkeletonSprite.h">
      <Filter>sprites\14.skeleton</Filter>
    </ClInclude>
    <ClInclude Include="..\..\..\include\sprite2\SkeletonSymbol.h">
      <Filter>sprites\14.skeleton</Filter>
    </ClInclude>
    <ClInclude Include="..\..\..\include\sprite2\Anim2Curr.h">
      <Filter>sprites\07.anim2</Filter>
    </ClInclude>
    <ClInclude Include="..\..\..\include\sprite2\Anim2Sprite.h">
      <Filter>sprites\07.anim2</Filter>
    </ClInclude>
    <ClInclude Include="..\..\..\include\sprite2\Anim2Symbol.h">
      <Filter>sprites\07.anim2</Filter>
    </ClInclude>
    <ClInclude Include="..\..\..\include\sprite2\Animation2.h">
      <Filter>sprites\07.anim2</Filter>
    </ClInclude>
    <ClInclude Include="..\..\..\include\sprite2\SpriteVisitor.h">
      <Filter>sprites\sprite\visitor</Filter>
    </ClInclude>
    <ClInclude Include="..\..\..\include\sprite2\SprVisitorParams.h">
      <Filter>sprites\sprite\visitor</Filter>
    </ClInclude>
    <ClInclude Include="..\..\..\include\sprite2\CreateActorsVisitor.h">
      <Filter>sprites\sprite\visitor\actor</Filter>
    </ClInclude>
    <ClInclude Include="..\..\..\include\sprite2\ResetActorFlagVisitor.h">
      <Filter>sprites\sprite\visitor\actor</Filter>
    </ClInclude>
    <ClInclude Include="..\..\..\include\sprite2\PointQueryVisitor.h">
      <Filter>sprites\sprite\visitor\query</Filter>
    </ClInclude>
    <ClInclude Include="..\..\..\include\sprite2\QueryLoadedVisitor.h">
      <Filter>sprites\sprite\visitor\query</Filter>
    </ClInclude>
    <ClInclude Include="..\..\..\include\sprite2\SetStaticFrameVisitor.h">
      <Filter>sprites\sprite\visitor\set</Filter>
    </ClInclude>
    <ClInclude Include="..\..\..\include\sprite2\SprActors.h">
      <Filter>sprites\sprite\parts</Filter>
    </ClInclude>
    <ClInclude Include="..\..\..\include\sprite2\SprNameMap.h">
      <Filter>sprites\sprite\utility</Filter>
    </ClInclude>
    <ClInclude Include="..\..\..\include\sprite2\VisitResult.h">
      <Filter>sprites\sprite\utility</Filter>
    </ClInclude>
    <ClInclude Include="..\..\..\include\sprite2\SymType.h">
      <Filter>sprites\symbol</Filter>
    </ClInclude>
    <ClInclude Include="..\..\..\include\sprite2\AABBHelper.h">
      <Filter>sprites\actor\parts\aabb</Filter>
    </ClInclude>
    <ClInclude Include="..\..\..\include\sprite2\ActorAABB.h">
      <Filter>sprites\actor\parts\aabb</Filter>
    </ClInclude>
    <ClInclude Include="..\..\..\include\sprite2\ProxyActor.h">
      <Filter>sprites\99.proxy</Filter>
    </ClInclude>
    <ClInclude Include="..\..\..\include\sprite2\ProxyHelper.h">
      <Filter>sprites\99.proxy</Filter>
    </ClInclude>
    <ClInclude Include="..\..\..\include\sprite2\ProxySprite.h">
      <Filter>sprites\99.proxy</Filter>
    </ClInclude>
    <ClInclude Include="..\..\..\include\sprite2\ProxySymbol.h">
      <Filter>sprites\99.proxy</Filter>
    </ClInclude>
    <ClInclude Include="..\..\..\include\sprite2\ModelSprite.h">
      <Filter>sprites\15.model</Filter>
    </ClInclude>
    <ClInclude Include="..\..\..\include\sprite2\ModelSymbol.h">
      <Filter>sprites\15.model</Filter>
    </ClInclude>
    <ClInclude Include="..\..\..\include\sprite2\AudioContext.h">
      <Filter>sprites\16.audio</Filter>
    </ClInclude>
    <ClInclude Include="..\..\..\include\sprite2\AudioSprite.h">
      <Filter>sprites\16.audio</Filter>
    </ClInclude>
    <ClInclude Include="..\..\..\include\sprite2\AudioSymbol.h">
      <Filter>sprites\16.audio</Filter>
    </ClInclude>
    <ClInclude Include="..\..\..\include\sprite2\Blackboard.h">
      <Filter>utility</Filter>
    </ClInclude>
    <ClInclude Include="..\..\..\include\sprite2\Callback.h">
      <Filter>utility</Filter>
    </ClInclude>
    <ClInclude Include="..\..\..\include\sprite2\pre_defined.h">
      <Filter>utility</Filter>
    </ClInclude>
    <ClInclude Include="..\..\..\include\sprite2\StringHelper.h">
      <Filter>utility</Filter>
    </ClInclude>
    <ClInclude Include="..\..\..\include\sprite2\Utility.h">
      <Filter>utility</Filter>
    </ClInclude>
    <ClInclude Include="..\..\..\include\sprite2\StatDrawCall.h">
      <Filter>utility\stat</Filter>
    </ClInclude>
    <ClInclude Include="..\..\..\include\sprite2\StatImages.h">
      <Filter>utility\stat</Filter>
    </ClInclude>
    <ClInclude Include="..\..\..\include\sprite2\StatOverdraw.h">
      <Filter>utility\stat</Filter>
    </ClInclude>
    <ClInclude Include="..\..\..\include\sprite2\StatPingPong.h">
      <Filter>utility\stat</Filter>
    </ClInclude>
    <ClInclude Include="..\..\..\include\sprite2\StatSprCount.h">
      <Filter>utility\stat</Filter>
    </ClInclude>
    <ClInclude Include="..\..\..\include\sprite2\StatSymCount.h">
      <Filter>utility\stat</Filter>
    </ClInclude>
    <ClInclude Include="..\..\..\include\sprite2\StatSymDraw.h">
      <Filter>utility\stat</Filter>
    </ClInclude>
    <ClInclude Include="..\..\..\include\sprite2\StatSymType.h">
      <Filter>utility\stat</Filter>
    </ClInclude>
    <ClInclude Include="..\..\..\include\sprite2\StatTopNodes.h">
      <Filter>utility\stat</Filter>
    </ClInclude>
    <ClInclude Include="..\..\..\include\sprite2\DrawBlend.h">
      <Filter>render\draw</Filter>
    </ClInclude>
    <ClInclude Include="..\..\..\include\sprite2\DrawDownsample.h">
      <Filter>render\draw</Filter>
    </ClInclude>
    <ClInclude Include="..\..\..\include\sprite2\DrawGaussianBlur.h">
      <Filter>render\draw</Filter>
    </ClInclude>
    <ClInclude Include="..\..\..\include\sprite2\DrawIntegrate.h">
      <Filter>render\draw</Filter>
    </ClInclude>
    <ClInclude Include="..\..\..\include\sprite2\DrawMask.h">
      <Filter>render\draw</Filter>
    </ClInclude>
    <ClInclude Include="..\..\..\include\sprite2\DrawMesh.h">
      <Filter>render\draw</Filter>
    </ClInclude>
    <ClInclude Include="..\..\..\include\sprite2\DrawNode.h">
      <Filter>render\draw</Filter>
    </ClInclude>
    <ClInclude Include="..\..\..\include\sprite2\DrawOuterGlow.h">
      <Filter>render\draw</Filter>
    </ClInclude>
    <ClInclude Include="..\..\..\include\sprite2\DrawPingPong.h">
      <Filter>render\draw</Filter>
    </ClInclude>
    <ClInclude Include="..\..\..\include\sprite2\DrawRT.h">
      <Filter>render\draw</Filter>
    </ClInclude>
    <ClInclude Include="..\..\..\include\sprite2\RenderCtxStack.h">
      <Filter>render\ctx</Filter>
    </ClInclude>
    <ClInclude Include="..\..\..\include\sprite2\RenderScissor.h">
      <Filter>render\scissor</Filter>
    </ClInclude>
    <ClInclude Include="..\..\..\include\sprite2\RenderScreen.h">
      <Filter>render\scissor</Filter>
    </ClInclude>
    <ClInclude Include="..\..\..\include\sprite2\Camera.h">
      <Filter>render\camera</Filter>
    </ClInclude>
    <ClInclude Include="..\..\..\include\sprite2\CameraMgr.h">
      <Filter>render\camera</Filter>
    </ClInclude>
    <ClInclude Include="..\..\..\include\sprite2\CameraType.h">
      <Filter>render\camera</Filter>
    </ClInclude>
    <ClInclude Include="..\..\..\include\sprite2\OrthoCamera.h">
      <Filter>render\camera</Filter>
    </ClInclude>
    <ClInclude Include="..\..\..\include\sprite2\Pseudo3DCamera.h">
      <Filter>render\camera</Filter>
    </ClInclude>
    <ClInclude Include="..\..\..\include\c_wrap_s2.h" />
    <ClInclude Include="..\..\..\include\sprite2\SymbolVisitor.h">
      <Filter>sprites\symbol</Filter>
    </ClInclude>
    <ClInclude Include="..\..\..\include\sprite2\CacheMatVisitor.h">
      <Filter>sprites\sprite\visitor</Filter>
    </ClInclude>
    <ClInclude Include="..\..\..\include\sprite2\AnimCurr.h">
      <Filter>sprites\07.anim\cache</Filter>
    </ClInclude>
    <ClInclude Include="..\..\..\include\sprite2\AnimState.h">
      <Filter>sprites\07.anim\cache</Filter>
    </ClInclude>
    <ClInclude Include="..\..\..\include\sprite2\DrawMaskFT.h">
      <Filter>render\draw</Filter>
    </ClInclude>
    <ClInclude Include="..\..\..\include\sprite2\ObjectPool.h">
      <Filter>utility</Filter>
    </ClInclude>
    <ClInclude Include="..\..\..\include\sprite2\RVG.h">
      <Filter>render\adapter</Filter>
    </ClInclude>
    <ClInclude Include="..\..\..\include\sprite2\RenderContext.h">
      <Filter>render\ctx</Filter>
    </ClInclude>
    <ClInclude Include="..\..\..\include\sprite2\RenderTarget.h">
      <Filter>render\rt</Filter>
    </ClInclude>
    <ClInclude Include="..\..\..\include\sprite2\RenderTargetMgr.h">
      <Filter>render\rt</Filter>
    </ClInclude>
    <ClInclude Include="..\..\..\include\sprite2\Actor.h">
      <Filter>sprites\actor</Filter>
    </ClInclude>
    <ClInclude Include="..\..\..\include\sprite2\Message.h">
      <Filter>sprites\sprite\parts</Filter>
    </ClInclude>
    <ClInclude Include="..\..\..\include\sprite2\Symbol.h">
      <Filter>sprites\symbol</Filter>
    </ClInclude>
    <ClInclude Include="..\..\..\include\sprite2\Sprite.h">
      <Filter>sprites\sprite</Filter>
    </ClInclude>
    <ClInclude Include="..\..\..\include\sprite2\Mesh.h">
      <Filter>sprites\11.mesh</Filter>
    </ClInclude>
    <ClInclude Include="..\..\..\include\sprite2\Facade.h" />
    <ClInclude Include="..\..\..\include\sprite2\typedef.h">
      <Filter>utility</Filter>
    </ClInclude>
    <ClInclude Include="..\..\..\include\sprite2\config.h">
      <Filter>utility</Filter>
    </ClInclude>
    <ClInclude Include="..\..\..\include\sprite2\macro.h">
      <Filter>utility</Filter>
    </ClInclude>
    <ClInclude Include="..\..\..\include\sprite2\TextTable.h">
      <Filter>sprites\05.textbox</Filter>
    </ClInclude>
    <ClInclude Include="..\..\..\include\sprite2\RenderParams.h">
      <Filter>utility</Filter>
    </ClInclude>
    <ClInclude Include="..\..\..\include\sprite2\RenderReturn.h">
      <Filter>utility</Filter>
    </ClInclude>
    <ClInclude Include="..\..\..\include\sprite2\UpdateParams.h">
      <Filter>utility</Filter>
    </ClInclude>
    <ClInclude Include="..\..\..\include\sprite2\CompShader.h">
      <Filter>sprites\components\common</Filter>
    </ClInclude>
    <ClInclude Include="..\..\..\include\sprite2\CompColorCommon.h">
      <Filter>sprites\components\common</Filter>
    </ClInclude>
    <ClInclude Include="..\..\..\include\sprite2\CompColorMap.h">
      <Filter>sprites\components\common</Filter>
    </ClInclude>
    <ClInclude Include="..\..\..\include\sprite2\CompActors.h">
      <Filter>sprites\components\sprite</Filter>
    </ClInclude>
    <ClInclude Include="..\..\..\include\sprite2\CompBoundingBox.h">
      <Filter>sprites\components\sprite</Filter>
    </ClInclude>
    <ClInclude Include="..\..\..\include\sprite2\CompTransform.h">
      <Filter>sprites\components\sprite</Filter>
    </ClInclude>
    <ClInclude Include="..\..\..\include\sprite2\CompActorAABB.h">
      <Filter>sprites\components\actor</Filter>
    </ClInclude>
    <ClInclude Include="..\..\..\include\sprite2\Component.h">
      <Filter>sprites\components</Filter>
    </ClInclude>
    <ClInclude Include="..\..\..\include\sprite2\ComponentsMgr.h">
      <Filter>sprites\components</Filter>
    </ClInclude>
    <ClInclude Include="..\..\..\include\sprite2\ActorFactory.h">
      <Filter>sprites\actor\utility</Filter>
    </ClInclude>
    <ClInclude Include="..\..\..\include\sprite2\ActorProxy.h">
      <Filter>sprites\actor\utility</Filter>
    </ClInclude>
    <ClInclude Include="..\..\..\include\sprite2\ActorGeoTrans.h">
      <Filter>sprites\actor\parts</Filter>
    </ClInclude>
    <ClInclude Include="..\..\..\include\sprite2\CompActorTrans.h">
      <Filter>sprites\components\actor</Filter>
    </ClInclude>
    <ClInclude Include="..\..\..\include\sprite2\CompCamera.h">
      <Filter>sprites\components\common</Filter>
    </ClInclude>
    <ClInclude Include="..\..\..\include\sprite2\CompDefault.h">
      <Filter>sprites\components</Filter>
    </ClInclude>
    <ClInclude Include="..\..\..\include\sprite2\SNodeSymbol.h">
      <Filter>sprites\98.snode</Filter>
    </ClInclude>
    <ClInclude Include="..\..\..\include\sprite2\SNodeSprite.h">
      <Filter>sprites\98.snode</Filter>
    </ClInclude>
  </ItemGroup>
  <ItemGroup>
    <None Include="..\..\..\include\sprite2\SprActors.inl">
      <Filter>sprites\sprite\parts</Filter>
    </None>
    <None Include="..\..\..\include\sprite2\ObjectPool.inl">
      <Filter>utility</Filter>
    </None>
    <None Include="..\..\..\include\sprite2\Actor.inl">
      <Filter>sprites\actor</Filter>
    </None>
    <None Include="..\..\..\include\sprite2\Sprite.inl">
      <Filter>sprites\sprite</Filter>
    </None>
    <None Include="..\..\..\include\sprite2\UpdateParams.inl">
      <Filter>utility</Filter>
    </None>
    <None Include="..\..\..\include\sprite2\RenderParams.inl">
      <Filter>utility</Filter>
    </None>
    <None Include="..\..\..\include\sprite2\CompTransform.inl">
      <Filter>sprites\components\sprite</Filter>
    </None>
    <None Include="..\..\..\include\sprite2\ComponentsMgr.inl">
      <Filter>sprites\components</Filter>
    </None>
    <None Include="..\..\..\include\sprite2\ActorGeoTrans.inl">
      <Filter>sprites\actor\parts</Filter>
    </None>
  </ItemGroup>
</Project>